<?xml version="1.0" encoding="utf-8"?>
<Project ToolsVersion="4.0" xmlns="http://schemas.microsoft.com/developer/msbuild/2003">
  <ItemGroup>
    <Filter Include="Quelldateien">
      <UniqueIdentifier>{4FC737F1-C7A5-4376-A066-2A32D752A2FF}</UniqueIdentifier>
      <Extensions>cpp;c;cc;cxx;c++;cppm;ixx;def;odl;idl;hpj;bat;asm;asmx</Extensions>
    </Filter>
    <Filter Include="Headerdateien">
      <UniqueIdentifier>{93995380-89BD-4b04-88EB-625FBE52EBFB}</UniqueIdentifier>
      <Extensions>h;hh;hpp;hxx;h++;hm;inl;inc;ipp;xsd</Extensions>
    </Filter>
    <Filter Include="Ressourcendateien">
      <UniqueIdentifier>{67DA6AB6-F800-4c08-8B7A-83BB121AAD01}</UniqueIdentifier>
      <Extensions>rc;ico;cur;bmp;dlg;rc2;rct;bin;rgs;gif;jpg;jpeg;jpe;resx;tiff;tif;png;wav;mfcribbon-ms</Extensions>
    </Filter>
    <Filter Include="Modules">
      <UniqueIdentifier>{cde19250-c033-491f-b6ef-2c0bf69c4039}</UniqueIdentifier>
    </Filter>
    <Filter Include="Modules\SHC">
      <UniqueIdentifier>{2c9a1cd9-8bbd-4bcc-9bd3-255879835f22}</UniqueIdentifier>
    </Filter>
  </ItemGroup>
  <ItemGroup>
    <ClInclude Include="windowsInclude.h">
      <Filter>Headerdateien</Filter>
    </ClInclude>
    <ClInclude Include="renderProviderHeader.h">
      <Filter>Headerdateien</Filter>
    </ClInclude>
  </ItemGroup>
  <ItemGroup>
    <ClCompile Include="dllmain.cpp">
      <Filter>Quelldateien</Filter>
    </ClCompile>
    <ClCompile Include="RenderProvider.Lua.ixx">
      <Filter>Modules</Filter>
    </ClCompile>
    <ClCompile Include="RenderProvider.SHC.ixx">
      <Filter>Modules\SHC</Filter>
    </ClCompile>
    <ClCompile Include="RenderProvider.SHC-WindowAndDirectDraw.ixx">
      <Filter>Modules\SHC</Filter>
    </ClCompile>
    <ClCompile Include="RenderProvider.SHC-TextManager.ixx">
      <Filter>Modules\SHC</Filter>
    </ClCompile>
    <ClCompile Include="RenderProvider.SHC-RenderTarget.ixx">
      <Filter>Modules\SHC</Filter>
    </ClCompile>
    <ClCompile Include="RenderProvider.Utility.ixx">
      <Filter>Modules</Filter>
    </ClCompile>
    <ClCompile Include="RenderProvider.SHC-PencilRenderCore.ixx">
      <Filter>Modules\SHC</Filter>
    </ClCompile>
    <ClCompile Include="RenderProvider.SHC-TextureRenderCore.ixx">
      <Filter>Modules\SHC</Filter>
    </ClCompile>
    <ClCompile Include="RenderProvider.Renderer.ixx">
      <Filter>Modules</Filter>
    </ClCompile>
    <ClCompile Include="RenderProvider.Globals.ixx">
      <Filter>Modules</Filter>
    </ClCompile>
  </ItemGroup>
  <ItemGroup>
    <None Include="packages.config" />
  </ItemGroup>
</Project>